
Microsoft Visual Studio Solution File, Format Version 12.00
# Visual Studio 15
VisualStudioVersion = 15.0.28307.1525
MinimumVisualStudioVersion = 10.0.40219.1
Project("{FAE04EC0-301F-11D3-BF4B-00C04F79EFBC}") = "GreenTubeTask", "GreenTubeTask\GreenTubeTask.csproj", "{50F91973-C5E6-4034-8E11-02C549744220}"
EndProject
Global
	GlobalSection(SolutionConfigurationPlatforms) = preSolution
		Debug|Any CPU = Debug|Any CPU
		Release|Any CPU = Release|Any CPU
	EndGlobalSection
	GlobalSection(ProjectConfigurationPlatforms) = postSolution
		{50F91973-C5E6-4034-8E11-02C549744220}.Debug|Any CPU.ActiveCfg = Debug|Any CPU
		{50F91973-C5E6-4034-8E11-02C549744220}.Debug|Any CPU.Build.0 = Debug|Any CPU
		{50F91973-C5E6-4034-8E11-02C549744220}.Release|Any CPU.ActiveCfg = Release|Any CPU
		{50F91973-C5E6-4034-8E11-02C549744220}.Release|Any CPU.Build.0 = Release|Any CPU
	EndGlobalSection
	GlobalSection(SolutionProperties) = preSolution
		HideSolutionNode = FALSE
	EndGlobalSection
	GlobalSection(ExtensibilityGlobals) = postSolution
		SolutionGuid = {B6315597-C19F-45FD-87B9-9EED104CCAF2}
	EndGlobalSection
EndGlobal
